
Microsoft Visual Studio Solution File, Format Version 12.00
# Visual Studio 15
VisualStudioVersion = 15.0.27703.2042
MinimumVisualStudioVersion = 10.0.40219.1
Project("{888888A0-9F3D-457C-B088-3A5042F75D52}") = "Sc2Bot", "Sc2Bot\Sc2Bot.pyproj", "{9370C2FA-31C0-46C5-8C18-B0819D5A2E4D}"
EndProject
Global
	GlobalSection(SolutionConfigurationPlatforms) = preSolution
		Debug|Any CPU = Debug|Any CPU
		Release|Any CPU = Release|Any CPU
	EndGlobalSection
	GlobalSection(ProjectConfigurationPlatforms) = postSolution
		{9370C2FA-31C0-46C5-8C18-B0819D5A2E4D}.Debug|Any CPU.ActiveCfg = Debug|Any CPU
		{9370C2FA-31C0-46C5-8C18-B0819D5A2E4D}.Release|Any CPU.ActiveCfg = Release|Any CPU
	EndGlobalSection
	GlobalSection(SolutionProperties) = preSolution
		HideSolutionNode = FALSE
	EndGlobalSection
	GlobalSection(ExtensibilityGlobals) = postSolution
		SolutionGuid = {94954E04-75F3-4467-AE7F-A51C1450A9D9}
	EndGlobalSection
EndGlobal
